
Microsoft Visual Studio Solution File, Format Version 12.00
# Visual Studio Version 17
VisualStudioVersion = 17.5.002.0
MinimumVisualStudioVersion = 10.0.40219.1
Project("{9A19103F-16F7-4668-BE54-9A1E7A4F7556}") = "Tournament Tracker Project", "Tournament Tracker Project\Tournament Tracker Project.csproj", "{14752424-3A5B-4CD2-845A-8D52FD188A6A}"
EndProject
Global
	GlobalSection(SolutionConfigurationPlatforms) = preSolution
		Debug|Any CPU = Debug|Any CPU
		Release|Any CPU = Release|Any CPU
	EndGlobalSection
	GlobalSection(ProjectConfigurationPlatforms) = postSolution
		{14752424-3A5B-4CD2-845A-8D52FD188A6A}.Debug|Any CPU.ActiveCfg = Debug|Any CPU
		{14752424-3A5B-4CD2-845A-8D52FD188A6A}.Debug|Any CPU.Build.0 = Debug|Any CPU
		{14752424-3A5B-4CD2-845A-8D52FD188A6A}.Release|Any CPU.ActiveCfg = Release|Any CPU
		{14752424-3A5B-4CD2-845A-8D52FD188A6A}.Release|Any CPU.Build.0 = Release|Any CPU
	EndGlobalSection
	GlobalSection(SolutionProperties) = preSolution
		HideSolutionNode = FALSE
	EndGlobalSection
	GlobalSection(ExtensibilityGlobals) = postSolution
		SolutionGuid = {7136A616-B389-4100-8401-89F7D79DA3DC}
	EndGlobalSection
EndGlobal
